
Microsoft Visual Studio Solution File, Format Version 12.00
# Visual Studio 15
VisualStudioVersion = 15.0.28307.1000
MinimumVisualStudioVersion = 10.0.40219.1
Project("{8BC9CEB8-8B4A-11D0-8D11-00A0C91BC942}") = "Ex-1-3", "Ex-1-3\Ex-1-3.vcxproj", "{3131E1C3-66CD-4D5A-A869-347B1ACE89FD}"
EndProject
Global
	GlobalSection(SolutionConfigurationPlatforms) = preSolution
		Debug|x64 = Debug|x64
		Debug|x86 = Debug|x86
		Release|x64 = Release|x64
		Release|x86 = Release|x86
	EndGlobalSection
	GlobalSection(ProjectConfigurationPlatforms) = postSolution
		{3131E1C3-66CD-4D5A-A869-347B1ACE89FD}.Debug|x64.ActiveCfg = Debug|x64
		{3131E1C3-66CD-4D5A-A869-347B1ACE89FD}.Debug|x64.Build.0 = Debug|x64
		{3131E1C3-66CD-4D5A-A869-347B1ACE89FD}.Debug|x86.ActiveCfg = Debug|Win32
		{3131E1C3-66CD-4D5A-A869-347B1ACE89FD}.Debug|x86.Build.0 = Debug|Win32
		{3131E1C3-66CD-4D5A-A869-347B1ACE89FD}.Release|x64.ActiveCfg = Release|x64
		{3131E1C3-66CD-4D5A-A869-347B1ACE89FD}.Release|x64.Build.0 = Release|x64
		{3131E1C3-66CD-4D5A-A869-347B1ACE89FD}.Release|x86.ActiveCfg = Release|Win32
		{3131E1C3-66CD-4D5A-A869-347B1ACE89FD}.Release|x86.Build.0 = Release|Win32
	EndGlobalSection
	GlobalSection(SolutionProperties) = preSolution
		HideSolutionNode = FALSE
	EndGlobalSection
	GlobalSection(ExtensibilityGlobals) = postSolution
		SolutionGuid = {6524F3A3-1858-4BD0-BAC6-0332927EB346}
	EndGlobalSection
EndGlobal
